PODS:
  - boost (1.76.0)
  - BugsnagReactNative (7.18.2):
    - React-Core
  - BVLinearGradient (2.6.2):
    - React-Core
  - DoubleConversion (1.1.6)
  - FBLazyVector (0.71.5)
  - FBReactNativeSpec (0.71.5):
    - RCT-Folly (= 2021.07.22.00)
    - RCTRequired (= 0.71.5)
    - RCTTypeSafety (= 0.71.5)
    - React-Core (= 0.71.5)
    - React-jsi (= 0.71.5)
    - ReactCommon/turbomodule/core (= 0.71.5)
  - fmt (6.2.1)
  - glog (0.3.5)
  - hermes-engine (0.71.5):
    - hermes-engine/Pre-built (= 0.71.5)
  - hermes-engine/Pre-built (0.71.5)
  - libevent (2.1.12)
  - libwebp (1.6.0):
    - libwebp/demux (= 1.6.0)
    - libwebp/mux (= 1.6.0)
    - libwebp/sharpyuv (= 1.6.0)
    - libwebp/webp (= 1.6.0)
  - libwebp/demux (1.6.0):
    - libwebp/webp
  - libwebp/mux (1.6.0):
    - libwebp/demux
  - libwebp/sharpyuv (1.6.0)
  - libwebp/webp (1.6.0):
    - libwebp/sharpyuv
  - RCT-Folly (2021.07.22.00):
    - boost
    - DoubleConversion
    - fmt (~> 6.2.1)
    - glog
    - RCT-Folly/Default (= 2021.07.22.00)
  - RCT-Folly/Default (2021.07.22.00):
    - boost
    - DoubleConversion
    - fmt (~> 6.2.1)
    - glog
  - RCT-Folly/Futures (2021.07.22.00):
    - boost
    - DoubleConversion
    - fmt (~> 6.2.1)
    - glog
    - libevent
  - RCTRequired (0.71.5)
  - RCTTypeSafety (0.71.5):
    - FBLazyVector (= 0.71.5)
    - RCTRequired (= 0.71.5)
    - React-Core (= 0.71.5)
  - React (0.71.5):
    - React-Core (= 0.71.5)
    - React-Core/DevSupport (= 0.71.5)
    - React-Core/RCTWebSocket (= 0.71.5)
    - React-RCTActionSheet (= 0.71.5)
    - React-RCTAnimation (= 0.71.5)
    - React-RCTBlob (= 0.71.5)
    - React-RCTImage (= 0.71.5)
    - React-RCTLinking (= 0.71.5)
    - React-RCTNetwork (= 0.71.5)
    - React-RCTSettings (= 0.71.5)
    - React-RCTText (= 0.71.5)
    - React-RCTVibration (= 0.71.5)
  - React-callinvoker (0.71.5)
  - React-Codegen (0.71.5):
    - FBReactNativeSpec
    - hermes-engine
    - RCT-Folly
    - RCTRequired
    - RCTTypeSafety
    - React-Core
    - React-jsi
    - React-jsiexecutor
    - ReactCommon/turbomodule/bridging
    - ReactCommon/turbomodule/core
  - React-Core (0.71.5):
    - glog
    - hermes-engine
    - RCT-Folly (= 2021.07.22.00)
    - React-Core/Default (= 0.71.5)
    - React-cxxreact (= 0.71.5)
    - React-hermes
    - React-jsi (= 0.71.5)
    - React-jsiexecutor (= 0.71.5)
    - React-perflogger (= 0.71.5)
    - Yoga
  - React-Core/CoreModulesHeaders (0.71.5):
    - glog
    - hermes-engine
    - RCT-Folly (= 2021.07.22.00)
    - React-Core/Default
    - React-cxxreact (= 0.71.5)
    - React-hermes
    - React-jsi (= 0.71.5)
    - React-jsiexecutor (= 0.71.5)
    - React-perflogger (= 0.71.5)
    - Yoga
  - React-Core/Default (0.71.5):
    - glog
    - hermes-engine
    - RCT-Folly (= 2021.07.22.00)
    - React-cxxreact (= 0.71.5)
    - React-hermes
    - React-jsi (= 0.71.5)
    - React-jsiexecutor (= 0.71.5)
    - React-perflogger (= 0.71.5)
    - Yoga
  - React-Core/DevSupport (0.71.5):
    - glog
    - hermes-engine
    - RCT-Folly (= 2021.07.22.00)
    - React-Core/Default (= 0.71.5)
    - React-Core/RCTWebSocket (= 0.71.5)
    - React-cxxreact (= 0.71.5)
    - React-hermes
    - React-jsi (= 0.71.5)
    - React-jsiexecutor (= 0.71.5)
    - React-jsinspector (= 0.71.5)
    - React-perflogger (= 0.71.5)
    - Yoga
  - React-Core/RCTActionSheetHeaders (0.71.5):
    - glog
    - hermes-engine
    - RCT-Folly (= 2021.07.22.00)
    - React-Core/Default
    - React-cxxreact (= 0.71.5)
    - React-hermes
    - React-jsi (= 0.71.5)
    - React-jsiexecutor (= 0.71.5)
    - React-perflogger (= 0.71.5)
    - Yoga
  - React-Core/RCTAnimationHeaders (0.71.5):
    - glog
    - hermes-engine
    - RCT-Folly (= 2021.07.22.00)
    - React-Core/Default
    - React-cxxreact (= 0.71.5)
    - React-hermes
    - React-jsi (= 0.71.5)
    - React-jsiexecutor (= 0.71.5)
    - React-perflogger (= 0.71.5)
    - Yoga
  - React-Core/RCTBlobHeaders (0.71.5):
    - glog
    - hermes-engine
    - RCT-Folly (= 2021.07.22.00)
    - React-Core/Default
    - React-cxxreact (= 0.71.5)
    - React-hermes
    - React-jsi (= 0.71.5)
    - React-jsiexecutor (= 0.71.5)
    - React-perflogger (= 0.71.5)
    - Yoga
  - React-Core/RCTImageHeaders (0.71.5):
    - glog
    - hermes-engine
    - RCT-Folly (= 2021.07.22.00)
    - React-Core/Default
    - React-cxxreact (= 0.71.5)
    - React-hermes
    - React-jsi (= 0.71.5)
    - React-jsiexecutor (= 0.71.5)
    - React-perflogger (= 0.71.5)
    - Yoga
  - React-Core/RCTLinkingHeaders (0.71.5):
    - glog
    - hermes-engine
    - RCT-Folly (= 2021.07.22.00)
    - React-Core/Default
    - React-cxxreact (= 0.71.5)
    - React-hermes
    - React-jsi (= 0.71.5)
    - React-jsiexecutor (= 0.71.5)
    - React-perflogger (= 0.71.5)
    - Yoga
  - React-Core/RCTNetworkHeaders (0.71.5):
    - glog
    - hermes-engine
    - RCT-Folly (= 2021.07.22.00)
    - React-Core/Default
    - React-cxxreact (= 0.71.5)
    - React-hermes
    - React-jsi (= 0.71.5)
    - React-jsiexecutor (= 0.71.5)
    - React-perflogger (= 0.71.5)
    - Yoga
  - React-Core/RCTSettingsHeaders (0.71.5):
    - glog
    - hermes-engine
    - RCT-Folly (= 2021.07.22.00)
    - React-Core/Default
    - React-cxxreact (= 0.71.5)
    - React-hermes
    - React-jsi (= 0.71.5)
    - React-jsiexecutor (= 0.71.5)
    - React-perflogger (= 0.71.5)
    - Yoga
  - React-Core/RCTTextHeaders (0.71.5):
    - glog
    - hermes-engine
    - RCT-Folly (= 2021.07.22.00)
    - React-Core/Default
    - React-cxxreact (= 0.71.5)
    - React-hermes
    - React-jsi (= 0.71.5)
    - React-jsiexecutor (= 0.71.5)
    - React-perflogger (= 0.71.5)
    - Yoga
  - React-Core/RCTVibrationHeaders (0.71.5):
    - glog
    - hermes-engine
    - RCT-Folly (= 2021.07.22.00)
    - React-Core/Default
    - React-cxxreact (= 0.71.5)
    - React-hermes
    - React-jsi (= 0.71.5)
    - React-jsiexecutor (= 0.71.5)
    - React-perflogger (= 0.71.5)
    - Yoga
  - React-Core/RCTWebSocket (0.71.5):
    - glog
    - hermes-engine
    - RCT-Folly (= 2021.07.22.00)
    - React-Core/Default (= 0.71.5)
    - React-cxxreact (= 0.71.5)
    - React-hermes
    - React-jsi (= 0.71.5)
    - React-jsiexecutor (= 0.71.5)
    - React-perflogger (= 0.71.5)
    - Yoga
  - React-CoreModules (0.71.5):
    - RCT-Folly (= 2021.07.22.00)
    - RCTTypeSafety (= 0.71.5)
    - React-Codegen (= 0.71.5)
    - React-Core/CoreModulesHeaders (= 0.71.5)
    - React-jsi (= 0.71.5)
    - React-RCTBlob
    - React-RCTImage (= 0.71.5)
    - ReactCommon/turbomodule/core (= 0.71.5)
  - React-cxxreact (0.71.5):
    - boost (= 1.76.0)
    - DoubleConversion
    - glog
    - hermes-engine
    - RCT-Folly (= 2021.07.22.00)
    - React-callinvoker (= 0.71.5)
    - React-jsi (= 0.71.5)
    - React-jsinspector (= 0.71.5)
    - React-logger (= 0.71.5)
    - React-perflogger (= 0.71.5)
    - React-runtimeexecutor (= 0.71.5)
  - React-hermes (0.71.5):
    - DoubleConversion
    - glog
    - hermes-engine
    - RCT-Folly (= 2021.07.22.00)
    - RCT-Folly/Futures (= 2021.07.22.00)
    - React-cxxreact (= 0.71.5)
    - React-jsi
    - React-jsiexecutor (= 0.71.5)
    - React-jsinspector (= 0.71.5)
    - React-perflogger (= 0.71.5)
  - React-jsi (0.71.5):
    - boost (= 1.76.0)
    - DoubleConversion
    - glog
    - hermes-engine
    - RCT-Folly (= 2021.07.22.00)
  - React-jsiexecutor (0.71.5):
    - DoubleConversion
    - glog
    - hermes-engine
    - RCT-Folly (= 2021.07.22.00)
    - React-cxxreact (= 0.71.5)
    - React-jsi (= 0.71.5)
    - React-perflogger (= 0.71.5)
  - React-jsinspector (0.71.5)
  - React-logger (0.71.5):
    - glog
  - react-native-pager-view (6.2.0):
    - React-Core
  - react-native-render-html (6.3.4):
    - React-Core
  - react-native-safe-area-context (4.5.0):
    - RCT-Folly
    - RCTRequired
    - RCTTypeSafety
    - React-Core
    - ReactCommon/turbomodule/core
  - react-native-splash-screen (3.3.0):
    - React-Core
  - react-native-webview (11.26.1):
    - React-Core
  - React-perflogger (0.71.5)
  - React-RCTActionSheet (0.71.5):
    - React-Core/RCTActionSheetHeaders (= 0.71.5)
  - React-RCTAnimation (0.71.5):
    - RCT-Folly (= 2021.07.22.00)
    - RCTTypeSafety (= 0.71.5)
    - React-Codegen (= 0.71.5)
    - React-Core/RCTAnimationHeaders (= 0.71.5)
    - React-jsi (= 0.71.5)
    - ReactCommon/turbomodule/core (= 0.71.5)
  - React-RCTAppDelegate (0.71.5):
    - RCT-Folly
    - RCTRequired
    - RCTTypeSafety
    - React-Core
    - ReactCommon/turbomodule/core
  - React-RCTBlob (0.71.5):
    - hermes-engine
    - RCT-Folly (= 2021.07.22.00)
    - React-Codegen (= 0.71.5)
    - React-Core/RCTBlobHeaders (= 0.71.5)
    - React-Core/RCTWebSocket (= 0.71.5)
    - React-jsi (= 0.71.5)
    - React-RCTNetwork (= 0.71.5)
    - ReactCommon/turbomodule/core (= 0.71.5)
  - React-RCTImage (0.71.5):
    - RCT-Folly (= 2021.07.22.00)
    - RCTTypeSafety (= 0.71.5)
    - React-Codegen (= 0.71.5)
    - React-Core/RCTImageHeaders (= 0.71.5)
    - React-jsi (= 0.71.5)
    - React-RCTNetwork (= 0.71.5)
    - ReactCommon/turbomodule/core (= 0.71.5)
  - React-RCTLinking (0.71.5):
    - React-Codegen (= 0.71.5)
    - React-Core/RCTLinkingHeaders (= 0.71.5)
    - React-jsi (= 0.71.5)
    - ReactCommon/turbomodule/core (= 0.71.5)
  - React-RCTNetwork (0.71.5):
    - RCT-Folly (= 2021.07.22.00)
    - RCTTypeSafety (= 0.71.5)
    - React-Codegen (= 0.71.5)
    - React-Core/RCTNetworkHeaders (= 0.71.5)
    - React-jsi (= 0.71.5)
    - ReactCommon/turbomodule/core (= 0.71.5)
  - React-RCTSettings (0.71.5):
    - RCT-Folly (= 2021.07.22.00)
    - RCTTypeSafety (= 0.71.5)
    - React-Codegen (= 0.71.5)
    - React-Core/RCTSettingsHeaders (= 0.71.5)
    - React-jsi (= 0.71.5)
    - ReactCommon/turbomodule/core (= 0.71.5)
  - React-RCTText (0.71.5):
    - React-Core/RCTTextHeaders (= 0.71.5)
  - React-RCTVibration (0.71.5):
    - RCT-Folly (= 2021.07.22.00)
    - React-Codegen (= 0.71.5)
    - React-Core/RCTVibrationHeaders (= 0.71.5)
    - React-jsi (= 0.71.5)
    - ReactCommon/turbomodule/core (= 0.71.5)
  - React-runtimeexecutor (0.71.5):
    - React-jsi (= 0.71.5)
  - ReactCommon/turbomodule/bridging (0.71.5):
    - DoubleConversion
    - glog
    - hermes-engine
    - RCT-Folly (= 2021.07.22.00)
    - React-callinvoker (= 0.71.5)
    - React-Core (= 0.71.5)
    - React-cxxreact (= 0.71.5)
    - React-jsi (= 0.71.5)
    - React-logger (= 0.71.5)
    - React-perflogger (= 0.71.5)
  - ReactCommon/turbomodule/core (0.71.5):
    - DoubleConversion
    - glog
    - hermes-engine
    - RCT-Folly (= 2021.07.22.00)
    - React-callinvoker (= 0.71.5)
    - React-Core (= 0.71.5)
    - React-cxxreact (= 0.71.5)
    - React-jsi (= 0.71.5)
    - React-logger (= 0.71.5)
    - React-perflogger (= 0.71.5)
  - RNCAsyncStorage (1.18.1):
    - React-Core
  - RNCMaskedView (0.2.9):
    - React-Core
  - RNDeviceInfo (10.7.0):
    - React-Core
  - RNFastImage (8.6.3):
    - React-Core
    - SDWebImage (~> 5.11.1)
    - SDWebImageWebPCoder (~> 0.8.4)
  - RNGestureHandler (2.9.0):
    - React-Core
  - RNLocalize (2.2.6):
    - React-Core
  - RNReanimated (2.14.4):
    - DoubleConversion
    - FBLazyVector
    - FBReactNativeSpec
    - glog
    - RCT-Folly
    - RCTRequired
    - RCTTypeSafety
    - React-callinvoker
    - React-Core
    - React-Core/DevSupport
    - React-Core/RCTWebSocket
    - React-CoreModules
    - React-cxxreact
    - React-jsi
    - React-jsiexecutor
    - React-jsinspector
    - React-RCTActionSheet
    - React-RCTAnimation
    - React-RCTBlob
    - React-RCTImage
    - React-RCTLinking
    - React-RCTNetwork
    - React-RCTSettings
    - React-RCTText
    - ReactCommon/turbomodule/core
    - Yoga
  - RNScreens (3.20.0):
    - React-Core
    - React-RCTImage
  - RNSVG (13.6.0):
    - React-Core
  - SDWebImage (5.11.1):
    - SDWebImage/Core (= 5.11.1)
  - SDWebImage/Core (5.11.1)
  - SDWebImageWebPCoder (0.8.5):
    - libwebp (~> 1.0)
    - SDWebImage/Core (~> 5.10)
  - Yoga (1.14.0)

DEPENDENCIES:
  - boost (from `../node_modules/react-native/third-party-podspecs/boost.podspec`)
  - "BugsnagReactNative (from `../node_modules/@bugsnag/react-native`)"
  - BVLinearGradient (from `../node_modules/react-native-linear-gradient`)
  - DoubleConversion (from `../node_modules/react-native/third-party-podspecs/DoubleConversion.podspec`)
  - FBLazyVector (from `../node_modules/react-native/Libraries/FBLazyVector`)
  - FBReactNativeSpec (from `../node_modules/react-native/React/FBReactNativeSpec`)
  - glog (from `../node_modules/react-native/third-party-podspecs/glog.podspec`)
  - hermes-engine (from `../node_modules/react-native/sdks/hermes-engine/hermes-engine.podspec`)
  - libevent (~> 2.1.12)
  - RCT-Folly (from `../node_modules/react-native/third-party-podspecs/RCT-Folly.podspec`)
  - RCTRequired (from `../node_modules/react-native/Libraries/RCTRequired`)
  - RCTTypeSafety (from `../node_modules/react-native/Libraries/TypeSafety`)
  - React (from `../node_modules/react-native/`)
  - React-callinvoker (from `../node_modules/react-native/ReactCommon/callinvoker`)
  - React-Codegen (from `build/generated/ios`)
  - React-Core (from `../node_modules/react-native/`)
  - React-Core/RCTWebSocket (from `../node_modules/react-native/`)
  - React-CoreModules (from `../node_modules/react-native/React/CoreModules`)
  - React-cxxreact (from `../node_modules/react-native/ReactCommon/cxxreact`)
  - React-hermes (from `../node_modules/react-native/ReactCommon/hermes`)
  - React-jsi (from `../node_modules/react-native/ReactCommon/jsi`)
  - React-jsiexecutor (from `../node_modules/react-native/ReactCommon/jsiexecutor`)
  - React-jsinspector (from `../node_modules/react-native/ReactCommon/jsinspector`)
  - React-logger (from `../node_modules/react-native/ReactCommon/logger`)
  - react-native-pager-view (from `../node_modules/react-native-pager-view`)
  - react-native-render-html (from `../node_modules/react-native-render-html`)
  - react-native-safe-area-context (from `../node_modules/react-native-safe-area-context`)
  - react-native-splash-screen (from `../node_modules/react-native-splash-screen`)
  - react-native-webview (from `../node_modules/react-native-webview`)
  - React-perflogger (from `../node_modules/react-native/ReactCommon/reactperflogger`)
  - React-RCTActionSheet (from `../node_modules/react-native/Libraries/ActionSheetIOS`)
  - React-RCTAnimation (from `../node_modules/react-native/Libraries/NativeAnimation`)
  - React-RCTAppDelegate (from `../node_modules/react-native/Libraries/AppDelegate`)
  - React-RCTBlob (from `../node_modules/react-native/Libraries/Blob`)
  - React-RCTImage (from `../node_modules/react-native/Libraries/Image`)
  - React-RCTLinking (from `../node_modules/react-native/Libraries/LinkingIOS`)
  - React-RCTNetwork (from `../node_modules/react-native/Libraries/Network`)
  - React-RCTSettings (from `../node_modules/react-native/Libraries/Settings`)
  - React-RCTText (from `../node_modules/react-native/Libraries/Text`)
  - React-RCTVibration (from `../node_modules/react-native/Libraries/Vibration`)
  - React-runtimeexecutor (from `../node_modules/react-native/ReactCommon/runtimeexecutor`)
  - ReactCommon/turbomodule/core (from `../node_modules/react-native/ReactCommon`)
  - "RNCAsyncStorage (from `../node_modules/@react-native-async-storage/async-storage`)"
  - "RNCMaskedView (from `../node_modules/@react-native-masked-view/masked-view`)"
  - RNDeviceInfo (from `../node_modules/react-native-device-info`)
  - RNFastImage (from `../node_modules/react-native-fast-image`)
  - RNGestureHandler (from `../node_modules/react-native-gesture-handler`)
  - RNLocalize (from `../node_modules/react-native-localize`)
  - RNReanimated (from `../node_modules/react-native-reanimated`)
  - RNScreens (from `../node_modules/react-native-screens`)
  - RNSVG (from `../node_modules/react-native-svg`)
  - Yoga (from `../node_modules/react-native/ReactCommon/yoga`)

SPEC REPOS:
  trunk:
    - fmt
    - libevent
    - libwebp
    - SDWebImage
    - SDWebImageWebPCoder

EXTERNAL SOURCES:
  boost:
    :podspec: "../node_modules/react-native/third-party-podspecs/boost.podspec"
  BugsnagReactNative:
    :path: "../node_modules/@bugsnag/react-native"
  BVLinearGradient:
    :path: "../node_modules/react-native-linear-gradient"
  DoubleConversion:
    :podspec: "../node_modules/react-native/third-party-podspecs/DoubleConversion.podspec"
  FBLazyVector:
    :path: "../node_modules/react-native/Libraries/FBLazyVector"
  FBReactNativeSpec:
    :path: "../node_modules/react-native/React/FBReactNativeSpec"
  glog:
    :podspec: "../node_modules/react-native/third-party-podspecs/glog.podspec"
  hermes-engine:
    :podspec: "../node_modules/react-native/sdks/hermes-engine/hermes-engine.podspec"
  RCT-Folly:
    :podspec: "../node_modules/react-native/third-party-podspecs/RCT-Folly.podspec"
  RCTRequired:
    :path: "../node_modules/react-native/Libraries/RCTRequired"
  RCTTypeSafety:
    :path: "../node_modules/react-native/Libraries/TypeSafety"
  React:
    :path: "../node_modules/react-native/"
  React-callinvoker:
    :path: "../node_modules/react-native/ReactCommon/callinvoker"
  React-Codegen:
    :path: build/generated/ios
  React-Core:
    :path: "../node_modules/react-native/"
  React-CoreModules:
    :path: "../node_modules/react-native/React/CoreModules"
  React-cxxreact:
    :path: "../node_modules/react-native/ReactCommon/cxxreact"
  React-hermes:
    :path: "../node_modules/react-native/ReactCommon/hermes"
  React-jsi:
    :path: "../node_modules/react-native/ReactCommon/jsi"
  React-jsiexecutor:
    :path: "../node_modules/react-native/ReactCommon/jsiexecutor"
  React-jsinspector:
    :path: "../node_modules/react-native/ReactCommon/jsinspector"
  React-logger:
    :path: "../node_modules/react-native/ReactCommon/logger"
  react-native-pager-view:
    :path: "../node_modules/react-native-pager-view"
  react-native-render-html:
    :path: "../node_modules/react-native-render-html"
  react-native-safe-area-context:
    :path: "../node_modules/react-native-safe-area-context"
  react-native-splash-screen:
    :path: "../node_modules/react-native-splash-screen"
  react-native-webview:
    :path: "../node_modules/react-native-webview"
  React-perflogger:
    :path: "../node_modules/react-native/ReactCommon/reactperflogger"
  React-RCTActionSheet:
    :path: "../node_modules/react-native/Libraries/ActionSheetIOS"
  React-RCTAnimation:
    :path: "../node_modules/react-native/Libraries/NativeAnimation"
  React-RCTAppDelegate:
    :path: "../node_modules/react-native/Libraries/AppDelegate"
  React-RCTBlob:
    :path: "../node_modules/react-native/Libraries/Blob"
  React-RCTImage:
    :path: "../node_modules/react-native/Libraries/Image"
  React-RCTLinking:
    :path: "../node_modules/react-native/Libraries/LinkingIOS"
  React-RCTNetwork:
    :path: "../node_modules/react-native/Libraries/Network"
  React-RCTSettings:
    :path: "../node_modules/react-native/Libraries/Settings"
  React-RCTText:
    :path: "../node_modules/react-native/Libraries/Text"
  React-RCTVibration:
    :path: "../node_modules/react-native/Libraries/Vibration"
  React-runtimeexecutor:
    :path: "../node_modules/react-native/ReactCommon/runtimeexecutor"
  ReactCommon:
    :path: "../node_modules/react-native/ReactCommon"
  RNCAsyncStorage:
    :path: "../node_modules/@react-native-async-storage/async-storage"
  RNCMaskedView:
    :path: "../node_modules/@react-native-masked-view/masked-view"
  RNDeviceInfo:
    :path: "../node_modules/react-native-device-info"
  RNFastImage:
    :path: "../node_modules/react-native-fast-image"
  RNGestureHandler:
    :path: "../node_modules/react-native-gesture-handler"
  RNLocalize:
    :path: "../node_modules/react-native-localize"
  RNReanimated:
    :path: "../node_modules/react-native-reanimated"
  RNScreens:
    :path: "../node_modules/react-native-screens"
  RNSVG:
    :path: "../node_modules/react-native-svg"
  Yoga:
    :path: "../node_modules/react-native/ReactCommon/yoga"

SPEC CHECKSUMS:
  boost: 7dcd2de282d72e344012f7d6564d024930a6a440
  BugsnagReactNative: 1658b930d5d973ec7c76f76ef08a17c4be8bbbb2
  BVLinearGradient: 7815a70ab485b7b155186dd0cc836363e0288cad
  DoubleConversion: 5189b271737e1565bdce30deb4a08d647e3f5f54
  FBLazyVector: f1897022b53abf1469d6ad692ee2c69f57d967f3
  FBReactNativeSpec: 627fd07f1b9d498c9fa572e76d7f1a6b1ee9a444
  fmt: ff9d55029c625d3757ed641535fd4a75fedc7ce9
  glog: 04b94705f318337d7ead9e6d17c019bd9b1f6b1b
  hermes-engine: 0784cadad14b011580615c496f77e0ae112eed75
  libevent: 4049cae6c81cdb3654a443be001fb9bdceff7913
  libwebp: af5937a13536ef73f3784d69cc342b98961acf33
  RCT-Folly: 8dc08ca5a393b48b1c523ab6220dfdcc0fe000ad
  RCTRequired: bd6045fbd511da5efe6db89eecb21e4e36bd7cbf
  RCTTypeSafety: c06d9f906faa69dd1c88223204c3a24767725fd8
  React: b9ea33557ef1372af247f95d110fbdea114ed3b2
  React-callinvoker: 112f941fcb98722c72736b8e229edcb3c1d84b45
  React-Codegen: fc2880294aa7994547f6a210049752b2f8fb7643
  React-Core: ce86f6deae868979aeb3d16a124b668ed8681d9c
  React-CoreModules: a192f2bc1f0e5d2cd54f62c15939c16e09745734
  React-cxxreact: 69078cf2d79847eca3098caa3fbe1759cab92143
  React-hermes: ed03addabe09a6361165632d05fba7809bcfab16
  React-jsi: 37806e2e77f00dbb259d51ed4fadd497d74381b7
  React-jsiexecutor: 2d3d42949226ea4146b9c07aeb1f2385c2b3fbe6
  React-jsinspector: 14a342151ab810862998dfc99e2720746734e9b3
  React-logger: 630652da97b24d91f0b1e9698afc5ce9860c4f9d
  react-native-pager-view: 7c6ae059318d0e7e72ff474f13ff5b246ce7d826
  react-native-render-html: 5afc4751f1a98621b3009432ef84c47019dcb2bd
  react-native-safe-area-context: 863c9695a24b9e6bb6c412f1c8ddb4dfc3ae3862
  react-native-splash-screen: 95994222cc95c236bd3cdc59fe45ed5f27969594
  react-native-webview: ec195db71ebf55705d7b46a7da5f1b1746bb7efd
  React-perflogger: 883a55a9a899535eaf06d0029108ef9ef22cce92
  React-RCTActionSheet: 1a3b8416688a3d291367be645022886f71d6842a
  React-RCTAnimation: e5560cb72d91ba35151d51e2eb0d467b42763f43
  React-RCTAppDelegate: 5bf12f57d423f475d2fbfd8869ef13627f9bc4cf
  React-RCTBlob: 04f06f5a475c81ac2eae84d9e769c177a4345f8f
  React-RCTImage: 944297be6fcc0bac7cfe1afb7d2f4f346c2592cd
  React-RCTLinking: 0dd37faa7222e8f840edb83cbdd2a68f130ebdf1
  React-RCTNetwork: 481afbec12d5a60aac319593797c590464234fcd
  React-RCTSettings: f308db1e99737d776cce43732b5bd38c973cfa2c
  React-RCTText: 402f609ee727f2dbbf5af8ce1692c64d8c1c17cc
  React-RCTVibration: f0f5ad6417803de42e022d99247a6b1ddaf46c13
  React-runtimeexecutor: 511f4301d85daf85abface9afb8d2df2d49f87d3
  ReactCommon: 419aea94c7109ff1f80c842d9b47d7919469672c
  RNCAsyncStorage: 01062b75ce749e3a18091a9ad7749effdf09ea43
  RNCMaskedView: 4b5b12efdee55966f1d68f32d4b3401c2acf05c2
  RNDeviceInfo: 6e13b48c9fe3894d1b927ffaaf0456cc692e9ebd
  RNFastImage: 462a183c4b0b6b26fdfd639e1ed6ba37536c3b87
  RNGestureHandler: 5fe9e4f847b51d8cc9006cec6c7dc6718dd82809
  RNLocalize: 8bf466de4c92d4721b254aabe1ff0a1456e7b9f4
  RNReanimated: 96faf89fef41e16cacaf3e3231cf6a34d672e864
  RNScreens: c6ae949c292bee8ed7f355ab2adcfc9a51629951
  RNSVG: 1aa3ce1340e2ae326ba6a0091475542d4716fd1a
  SDWebImage: a7f831e1a65eb5e285e3fb046a23fcfbf08e696d
  SDWebImageWebPCoder: 908b83b6adda48effe7667cd2b7f78c897e5111d
  Yoga: cd7d7f509dbfac14ee7f31a6c750acb957cd5022

PODFILE CHECKSUM: 9edcf5498ce5a91179040730bd2d60b825bcfa55

COCOAPODS: 1.16.2
